
Microsoft Visual Studio Solution File, Format Version 12.00
# Visual Studio Version 17
Project("{8BC9CEB8-8B4A-11D0-8D11-00A0C91BC942}") = "ALL_BUILD", "ALL_BUILD.vcxproj", "{35F9FC45-6974-3522-A477-C15125174728}"
	ProjectSection(ProjectDependencies) = postProject
		{8d538cbe-01bf-4a2e-a98a-6c368fdf13d7} = {8d538cbe-01bf-4a2e-a98a-6c368fdf13d7}
		{8bd3552a-2cfb-4a59-ab15-2031b97ada1e} = {8bd3552a-2cfb-4a59-ab15-2031b97ada1e}
		{CAB72451-CACA-35B0-9334-D4CE6EE9D507} = {CAB72451-CACA-35B0-9334-D4CE6EE9D507}
		{4284C98D-BEEA-372F-8932-87B52006AA22} = {4284C98D-BEEA-372F-8932-87B52006AA22}
		{2429403F-18EA-3E0F-99F4-6233FA797F19} = {2429403F-18EA-3E0F-99F4-6233FA797F19}
		{CC5C0524-DD86-3793-BDE9-F31EF17251FE} = {CC5C0524-DD86-3793-BDE9-F31EF17251FE}
		{D0E70127-ECA2-342F-9DF2-1C027321BA95} = {D0E70127-ECA2-342F-9DF2-1C027321BA95}
		{2EC559E4-C142-368F-A2DC-C20F70FE4D8A} = {2EC559E4-C142-368F-A2DC-C20F70FE4D8A}
		{D8B67AE8-5285-327D-A71D-AA5B81321F59} = {D8B67AE8-5285-327D-A71D-AA5B81321F59}
	EndProjectSection
EndProject
Project("{8BC9CEB8-8B4A-11D0-8D11-00A0C91BC942}") = "Catch2", "_deps\catch2-build\src\Catch2.vcxproj", "{8d538cbe-01bf-4a2e-a98a-6c368fdf13d7}"
	ProjectSection(ProjectDependencies) = postProject
		{CAB72451-CACA-35B0-9334-D4CE6EE9D507} = {CAB72451-CACA-35B0-9334-D4CE6EE9D507}
	EndProjectSection
EndProject
Project("{8BC9CEB8-8B4A-11D0-8D11-00A0C91BC942}") = "Catch2WithMain", "_deps\catch2-build\src\Catch2WithMain.vcxproj", "{8bd3552a-2cfb-4a59-ab15-2031b97ada1e}"
	ProjectSection(ProjectDependencies) = postProject
		{8d538cbe-01bf-4a2e-a98a-6c368fdf13d7} = {8d538cbe-01bf-4a2e-a98a-6c368fdf13d7}
		{CAB72451-CACA-35B0-9334-D4CE6EE9D507} = {CAB72451-CACA-35B0-9334-D4CE6EE9D507}
	EndProjectSection
EndProject
Project("{8BC9CEB8-8B4A-11D0-8D11-00A0C91BC942}") = "Continuous", "_deps\pugixml-build\Continuous.vcxproj", "{DE8AFFAF-8BEE-3F31-936B-CB529BF23993}"
	ProjectSection(ProjectDependencies) = postProject
		{CAB72451-CACA-35B0-9334-D4CE6EE9D507} = {CAB72451-CACA-35B0-9334-D4CE6EE9D507}
	EndProjectSection
EndProject
Project("{8BC9CEB8-8B4A-11D0-8D11-00A0C91BC942}") = "Experimental", "_deps\pugixml-build\Experimental.vcxproj", "{336ABDB8-354F-34FC-B262-E8978986D70D}"
	ProjectSection(ProjectDependencies) = postProject
		{CAB72451-CACA-35B0-9334-D4CE6EE9D507} = {CAB72451-CACA-35B0-9334-D4CE6EE9D507}
	EndProjectSection
EndProject
Project("{8BC9CEB8-8B4A-11D0-8D11-00A0C91BC942}") = "INSTALL", "INSTALL.vcxproj", "{4D63479D-D5DB-363C-92C1-A20ABEA1FA8F}"
	ProjectSection(ProjectDependencies) = postProject
		{35F9FC45-6974-3522-A477-C15125174728} = {35F9FC45-6974-3522-A477-C15125174728}
		{CAB72451-CACA-35B0-9334-D4CE6EE9D507} = {CAB72451-CACA-35B0-9334-D4CE6EE9D507}
	EndProjectSection
EndProject
Project("{8BC9CEB8-8B4A-11D0-8D11-00A0C91BC942}") = "Nightly", "_deps\pugixml-build\Nightly.vcxproj", "{EF400DE9-B11E-3115-B63D-5CDF78F879FA}"
	ProjectSection(ProjectDependencies) = postProject
		{CAB72451-CACA-35B0-9334-D4CE6EE9D507} = {CAB72451-CACA-35B0-9334-D4CE6EE9D507}
	EndProjectSection
EndProject
Project("{8BC9CEB8-8B4A-11D0-8D11-00A0C91BC942}") = "NightlyMemoryCheck", "_deps\pugixml-build\NightlyMemoryCheck.vcxproj", "{A293E921-FA2A-38F7-B516-73D32A4EC2A3}"
	ProjectSection(ProjectDependencies) = postProject
		{CAB72451-CACA-35B0-9334-D4CE6EE9D507} = {CAB72451-CACA-35B0-9334-D4CE6EE9D507}
	EndProjectSection
EndProject
Project("{8BC9CEB8-8B4A-11D0-8D11-00A0C91BC942}") = "RUN_TESTS", "RUN_TESTS.vcxproj", "{54BC2406-BB5F-3CC1-8100-ECA3FD211520}"
	ProjectSection(ProjectDependencies) = postProject
		{CAB72451-CACA-35B0-9334-D4CE6EE9D507} = {CAB72451-CACA-35B0-9334-D4CE6EE9D507}
	EndProjectSection
EndProject
Project("{8BC9CEB8-8B4A-11D0-8D11-00A0C91BC942}") = "ZERO_CHECK", "ZERO_CHECK.vcxproj", "{CAB72451-CACA-35B0-9334-D4CE6EE9D507}"
	ProjectSection(ProjectDependencies) = postProject
	EndProjectSection
EndProject
Project("{8BC9CEB8-8B4A-11D0-8D11-00A0C91BC942}") = "dawproject_data", "dawproject_data.vcxproj", "{4284C98D-BEEA-372F-8932-87B52006AA22}"
	ProjectSection(ProjectDependencies) = postProject
		{CAB72451-CACA-35B0-9334-D4CE6EE9D507} = {CAB72451-CACA-35B0-9334-D4CE6EE9D507}
		{2429403F-18EA-3E0F-99F4-6233FA797F19} = {2429403F-18EA-3E0F-99F4-6233FA797F19}
		{D0E70127-ECA2-342F-9DF2-1C027321BA95} = {D0E70127-ECA2-342F-9DF2-1C027321BA95}
	EndProjectSection
EndProject
Project("{8BC9CEB8-8B4A-11D0-8D11-00A0C91BC942}") = "dawproject_platform", "dawproject_platform.vcxproj", "{2429403F-18EA-3E0F-99F4-6233FA797F19}"
	ProjectSection(ProjectDependencies) = postProject
		{CAB72451-CACA-35B0-9334-D4CE6EE9D507} = {CAB72451-CACA-35B0-9334-D4CE6EE9D507}
	EndProjectSection
EndProject
Project("{8BC9CEB8-8B4A-11D0-8D11-00A0C91BC942}") = "performance_test", "performance_test.vcxproj", "{CC5C0524-DD86-3793-BDE9-F31EF17251FE}"
	ProjectSection(ProjectDependencies) = postProject
		{CAB72451-CACA-35B0-9334-D4CE6EE9D507} = {CAB72451-CACA-35B0-9334-D4CE6EE9D507}
		{4284C98D-BEEA-372F-8932-87B52006AA22} = {4284C98D-BEEA-372F-8932-87B52006AA22}
		{2429403F-18EA-3E0F-99F4-6233FA797F19} = {2429403F-18EA-3E0F-99F4-6233FA797F19}
		{D0E70127-ECA2-342F-9DF2-1C027321BA95} = {D0E70127-ECA2-342F-9DF2-1C027321BA95}
	EndProjectSection
EndProject
Project("{8BC9CEB8-8B4A-11D0-8D11-00A0C91BC942}") = "pugixml-shared", "_deps\pugixml-build\pugixml-shared.vcxproj", "{D0E70127-ECA2-342F-9DF2-1C027321BA95}"
	ProjectSection(ProjectDependencies) = postProject
		{CAB72451-CACA-35B0-9334-D4CE6EE9D507} = {CAB72451-CACA-35B0-9334-D4CE6EE9D507}
	EndProjectSection
EndProject
Project("{8BC9CEB8-8B4A-11D0-8D11-00A0C91BC942}") = "red_phase_runner", "red_phase_runner.vcxproj", "{2EC559E4-C142-368F-A2DC-C20F70FE4D8A}"
	ProjectSection(ProjectDependencies) = postProject
		{CAB72451-CACA-35B0-9334-D4CE6EE9D507} = {CAB72451-CACA-35B0-9334-D4CE6EE9D507}
		{4284C98D-BEEA-372F-8932-87B52006AA22} = {4284C98D-BEEA-372F-8932-87B52006AA22}
		{2429403F-18EA-3E0F-99F4-6233FA797F19} = {2429403F-18EA-3E0F-99F4-6233FA797F19}
		{D0E70127-ECA2-342F-9DF2-1C027321BA95} = {D0E70127-ECA2-342F-9DF2-1C027321BA95}
	EndProjectSection
EndProject
Project("{8BC9CEB8-8B4A-11D0-8D11-00A0C91BC942}") = "run_performance_test", "run_performance_test.vcxproj", "{E0F62FB6-2E25-3A86-873F-4DCCE4379A17}"
	ProjectSection(ProjectDependencies) = postProject
		{CAB72451-CACA-35B0-9334-D4CE6EE9D507} = {CAB72451-CACA-35B0-9334-D4CE6EE9D507}
		{CC5C0524-DD86-3793-BDE9-F31EF17251FE} = {CC5C0524-DD86-3793-BDE9-F31EF17251FE}
	EndProjectSection
EndProject
Project("{8BC9CEB8-8B4A-11D0-8D11-00A0C91BC942}") = "tdd", "tdd.vcxproj", "{4DD0AC85-F8C4-3844-81E3-673156E43441}"
	ProjectSection(ProjectDependencies) = postProject
		{CAB72451-CACA-35B0-9334-D4CE6EE9D507} = {CAB72451-CACA-35B0-9334-D4CE6EE9D507}
		{D8B67AE8-5285-327D-A71D-AA5B81321F59} = {D8B67AE8-5285-327D-A71D-AA5B81321F59}
	EndProjectSection
EndProject
Project("{8BC9CEB8-8B4A-11D0-8D11-00A0C91BC942}") = "test_data_red", "test_data_red.vcxproj", "{D8B67AE8-5285-327D-A71D-AA5B81321F59}"
	ProjectSection(ProjectDependencies) = postProject
		{8d538cbe-01bf-4a2e-a98a-6c368fdf13d7} = {8d538cbe-01bf-4a2e-a98a-6c368fdf13d7}
		{8bd3552a-2cfb-4a59-ab15-2031b97ada1e} = {8bd3552a-2cfb-4a59-ab15-2031b97ada1e}
		{CAB72451-CACA-35B0-9334-D4CE6EE9D507} = {CAB72451-CACA-35B0-9334-D4CE6EE9D507}
		{4284C98D-BEEA-372F-8932-87B52006AA22} = {4284C98D-BEEA-372F-8932-87B52006AA22}
		{2429403F-18EA-3E0F-99F4-6233FA797F19} = {2429403F-18EA-3E0F-99F4-6233FA797F19}
		{D0E70127-ECA2-342F-9DF2-1C027321BA95} = {D0E70127-ECA2-342F-9DF2-1C027321BA95}
	EndProjectSection
EndProject
Global
	GlobalSection(SolutionConfigurationPlatforms) = preSolution
		Debug|x64 = Debug|x64
		Release|x64 = Release|x64
		MinSizeRel|x64 = MinSizeRel|x64
		RelWithDebInfo|x64 = RelWithDebInfo|x64
	EndGlobalSection
	GlobalSection(ProjectConfigurationPlatforms) = postSolution
		{35F9FC45-6974-3522-A477-C15125174728}.Debug|x64.ActiveCfg = Debug|x64
		{35F9FC45-6974-3522-A477-C15125174728}.Debug|x64.Build.0 = Debug|x64
		{35F9FC45-6974-3522-A477-C15125174728}.Release|x64.ActiveCfg = Release|x64
		{35F9FC45-6974-3522-A477-C15125174728}.Release|x64.Build.0 = Release|x64
		{35F9FC45-6974-3522-A477-C15125174728}.MinSizeRel|x64.ActiveCfg = MinSizeRel|x64
		{35F9FC45-6974-3522-A477-C15125174728}.MinSizeRel|x64.Build.0 = MinSizeRel|x64
		{35F9FC45-6974-3522-A477-C15125174728}.RelWithDebInfo|x64.ActiveCfg = RelWithDebInfo|x64
		{35F9FC45-6974-3522-A477-C15125174728}.RelWithDebInfo|x64.Build.0 = RelWithDebInfo|x64
		{8d538cbe-01bf-4a2e-a98a-6c368fdf13d7}.Debug|x64.ActiveCfg = Debug|x64
		{8d538cbe-01bf-4a2e-a98a-6c368fdf13d7}.Debug|x64.Build.0 = Debug|x64
		{8d538cbe-01bf-4a2e-a98a-6c368fdf13d7}.Release|x64.ActiveCfg = Release|x64
		{8d538cbe-01bf-4a2e-a98a-6c368fdf13d7}.Release|x64.Build.0 = Release|x64
		{8d538cbe-01bf-4a2e-a98a-6c368fdf13d7}.MinSizeRel|x64.ActiveCfg = MinSizeRel|x64
		{8d538cbe-01bf-4a2e-a98a-6c368fdf13d7}.MinSizeRel|x64.Build.0 = MinSizeRel|x64
		{8d538cbe-01bf-4a2e-a98a-6c368fdf13d7}.RelWithDebInfo|x64.ActiveCfg = RelWithDebInfo|x64
		{8d538cbe-01bf-4a2e-a98a-6c368fdf13d7}.RelWithDebInfo|x64.Build.0 = RelWithDebInfo|x64
		{8bd3552a-2cfb-4a59-ab15-2031b97ada1e}.Debug|x64.ActiveCfg = Debug|x64
		{8bd3552a-2cfb-4a59-ab15-2031b97ada1e}.Debug|x64.Build.0 = Debug|x64
		{8bd3552a-2cfb-4a59-ab15-2031b97ada1e}.Release|x64.ActiveCfg = Release|x64
		{8bd3552a-2cfb-4a59-ab15-2031b97ada1e}.Release|x64.Build.0 = Release|x64
		{8bd3552a-2cfb-4a59-ab15-2031b97ada1e}.MinSizeRel|x64.ActiveCfg = MinSizeRel|x64
		{8bd3552a-2cfb-4a59-ab15-2031b97ada1e}.MinSizeRel|x64.Build.0 = MinSizeRel|x64
		{8bd3552a-2cfb-4a59-ab15-2031b97ada1e}.RelWithDebInfo|x64.ActiveCfg = RelWithDebInfo|x64
		{8bd3552a-2cfb-4a59-ab15-2031b97ada1e}.RelWithDebInfo|x64.Build.0 = RelWithDebInfo|x64
		{DE8AFFAF-8BEE-3F31-936B-CB529BF23993}.Debug|x64.ActiveCfg = Debug|x64
		{DE8AFFAF-8BEE-3F31-936B-CB529BF23993}.Release|x64.ActiveCfg = Release|x64
		{DE8AFFAF-8BEE-3F31-936B-CB529BF23993}.MinSizeRel|x64.ActiveCfg = MinSizeRel|x64
		{DE8AFFAF-8BEE-3F31-936B-CB529BF23993}.RelWithDebInfo|x64.ActiveCfg = RelWithDebInfo|x64
		{336ABDB8-354F-34FC-B262-E8978986D70D}.Debug|x64.ActiveCfg = Debug|x64
		{336ABDB8-354F-34FC-B262-E8978986D70D}.Release|x64.ActiveCfg = Release|x64
		{336ABDB8-354F-34FC-B262-E8978986D70D}.MinSizeRel|x64.ActiveCfg = MinSizeRel|x64
		{336ABDB8-354F-34FC-B262-E8978986D70D}.RelWithDebInfo|x64.ActiveCfg = RelWithDebInfo|x64
		{4D63479D-D5DB-363C-92C1-A20ABEA1FA8F}.Debug|x64.ActiveCfg = Debug|x64
		{4D63479D-D5DB-363C-92C1-A20ABEA1FA8F}.Release|x64.ActiveCfg = Release|x64
		{4D63479D-D5DB-363C-92C1-A20ABEA1FA8F}.MinSizeRel|x64.ActiveCfg = MinSizeRel|x64
		{4D63479D-D5DB-363C-92C1-A20ABEA1FA8F}.RelWithDebInfo|x64.ActiveCfg = RelWithDebInfo|x64
		{EF400DE9-B11E-3115-B63D-5CDF78F879FA}.Debug|x64.ActiveCfg = Debug|x64
		{EF400DE9-B11E-3115-B63D-5CDF78F879FA}.Release|x64.ActiveCfg = Release|x64
		{EF400DE9-B11E-3115-B63D-5CDF78F879FA}.MinSizeRel|x64.ActiveCfg = MinSizeRel|x64
		{EF400DE9-B11E-3115-B63D-5CDF78F879FA}.RelWithDebInfo|x64.ActiveCfg = RelWithDebInfo|x64
		{A293E921-FA2A-38F7-B516-73D32A4EC2A3}.Debug|x64.ActiveCfg = Debug|x64
		{A293E921-FA2A-38F7-B516-73D32A4EC2A3}.Release|x64.ActiveCfg = Release|x64
		{A293E921-FA2A-38F7-B516-73D32A4EC2A3}.MinSizeRel|x64.ActiveCfg = MinSizeRel|x64
		{A293E921-FA2A-38F7-B516-73D32A4EC2A3}.RelWithDebInfo|x64.ActiveCfg = RelWithDebInfo|x64
		{54BC2406-BB5F-3CC1-8100-ECA3FD211520}.Debug|x64.ActiveCfg = Debug|x64
		{54BC2406-BB5F-3CC1-8100-ECA3FD211520}.Release|x64.ActiveCfg = Release|x64
		{54BC2406-BB5F-3CC1-8100-ECA3FD211520}.MinSizeRel|x64.ActiveCfg = MinSizeRel|x64
		{54BC2406-BB5F-3CC1-8100-ECA3FD211520}.RelWithDebInfo|x64.ActiveCfg = RelWithDebInfo|x64
		{CAB72451-CACA-35B0-9334-D4CE6EE9D507}.Debug|x64.ActiveCfg = Debug|x64
		{CAB72451-CACA-35B0-9334-D4CE6EE9D507}.Debug|x64.Build.0 = Debug|x64
		{CAB72451-CACA-35B0-9334-D4CE6EE9D507}.Release|x64.ActiveCfg = Release|x64
		{CAB72451-CACA-35B0-9334-D4CE6EE9D507}.Release|x64.Build.0 = Release|x64
		{CAB72451-CACA-35B0-9334-D4CE6EE9D507}.MinSizeRel|x64.ActiveCfg = MinSizeRel|x64
		{CAB72451-CACA-35B0-9334-D4CE6EE9D507}.MinSizeRel|x64.Build.0 = MinSizeRel|x64
		{CAB72451-CACA-35B0-9334-D4CE6EE9D507}.RelWithDebInfo|x64.ActiveCfg = RelWithDebInfo|x64
		{CAB72451-CACA-35B0-9334-D4CE6EE9D507}.RelWithDebInfo|x64.Build.0 = RelWithDebInfo|x64
		{4284C98D-BEEA-372F-8932-87B52006AA22}.Debug|x64.ActiveCfg = Debug|x64
		{4284C98D-BEEA-372F-8932-87B52006AA22}.Debug|x64.Build.0 = Debug|x64
		{4284C98D-BEEA-372F-8932-87B52006AA22}.Release|x64.ActiveCfg = Release|x64
		{4284C98D-BEEA-372F-8932-87B52006AA22}.Release|x64.Build.0 = Release|x64
		{4284C98D-BEEA-372F-8932-87B52006AA22}.MinSizeRel|x64.ActiveCfg = MinSizeRel|x64
		{4284C98D-BEEA-372F-8932-87B52006AA22}.MinSizeRel|x64.Build.0 = MinSizeRel|x64
		{4284C98D-BEEA-372F-8932-87B52006AA22}.RelWithDebInfo|x64.ActiveCfg = RelWithDebInfo|x64
		{4284C98D-BEEA-372F-8932-87B52006AA22}.RelWithDebInfo|x64.Build.0 = RelWithDebInfo|x64
		{2429403F-18EA-3E0F-99F4-6233FA797F19}.Debug|x64.ActiveCfg = Debug|x64
		{2429403F-18EA-3E0F-99F4-6233FA797F19}.Debug|x64.Build.0 = Debug|x64
		{2429403F-18EA-3E0F-99F4-6233FA797F19}.Release|x64.ActiveCfg = Release|x64
		{2429403F-18EA-3E0F-99F4-6233FA797F19}.Release|x64.Build.0 = Release|x64
		{2429403F-18EA-3E0F-99F4-6233FA797F19}.MinSizeRel|x64.ActiveCfg = MinSizeRel|x64
		{2429403F-18EA-3E0F-99F4-6233FA797F19}.MinSizeRel|x64.Build.0 = MinSizeRel|x64
		{2429403F-18EA-3E0F-99F4-6233FA797F19}.RelWithDebInfo|x64.ActiveCfg = RelWithDebInfo|x64
		{2429403F-18EA-3E0F-99F4-6233FA797F19}.RelWithDebInfo|x64.Build.0 = RelWithDebInfo|x64
		{CC5C0524-DD86-3793-BDE9-F31EF17251FE}.Debug|x64.ActiveCfg = Debug|x64
		{CC5C0524-DD86-3793-BDE9-F31EF17251FE}.Debug|x64.Build.0 = Debug|x64
		{CC5C0524-DD86-3793-BDE9-F31EF17251FE}.Release|x64.ActiveCfg = Release|x64
		{CC5C0524-DD86-3793-BDE9-F31EF17251FE}.Release|x64.Build.0 = Release|x64
		{CC5C0524-DD86-3793-BDE9-F31EF17251FE}.MinSizeRel|x64.ActiveCfg = MinSizeRel|x64
		{CC5C0524-DD86-3793-BDE9-F31EF17251FE}.MinSizeRel|x64.Build.0 = MinSizeRel|x64
		{CC5C0524-DD86-3793-BDE9-F31EF17251FE}.RelWithDebInfo|x64.ActiveCfg = RelWithDebInfo|x64
		{CC5C0524-DD86-3793-BDE9-F31EF17251FE}.RelWithDebInfo|x64.Build.0 = RelWithDebInfo|x64
		{D0E70127-ECA2-342F-9DF2-1C027321BA95}.Debug|x64.ActiveCfg = Debug|x64
		{D0E70127-ECA2-342F-9DF2-1C027321BA95}.Debug|x64.Build.0 = Debug|x64
		{D0E70127-ECA2-342F-9DF2-1C027321BA95}.Release|x64.ActiveCfg = Release|x64
		{D0E70127-ECA2-342F-9DF2-1C027321BA95}.Release|x64.Build.0 = Release|x64
		{D0E70127-ECA2-342F-9DF2-1C027321BA95}.MinSizeRel|x64.ActiveCfg = MinSizeRel|x64
		{D0E70127-ECA2-342F-9DF2-1C027321BA95}.MinSizeRel|x64.Build.0 = MinSizeRel|x64
		{D0E70127-ECA2-342F-9DF2-1C027321BA95}.RelWithDebInfo|x64.ActiveCfg = RelWithDebInfo|x64
		{D0E70127-ECA2-342F-9DF2-1C027321BA95}.RelWithDebInfo|x64.Build.0 = RelWithDebInfo|x64
		{2EC559E4-C142-368F-A2DC-C20F70FE4D8A}.Debug|x64.ActiveCfg = Debug|x64
		{2EC559E4-C142-368F-A2DC-C20F70FE4D8A}.Debug|x64.Build.0 = Debug|x64
		{2EC559E4-C142-368F-A2DC-C20F70FE4D8A}.Release|x64.ActiveCfg = Release|x64
		{2EC559E4-C142-368F-A2DC-C20F70FE4D8A}.Release|x64.Build.0 = Release|x64
		{2EC559E4-C142-368F-A2DC-C20F70FE4D8A}.MinSizeRel|x64.ActiveCfg = MinSizeRel|x64
		{2EC559E4-C142-368F-A2DC-C20F70FE4D8A}.MinSizeRel|x64.Build.0 = MinSizeRel|x64
		{2EC559E4-C142-368F-A2DC-C20F70FE4D8A}.RelWithDebInfo|x64.ActiveCfg = RelWithDebInfo|x64
		{2EC559E4-C142-368F-A2DC-C20F70FE4D8A}.RelWithDebInfo|x64.Build.0 = RelWithDebInfo|x64
		{E0F62FB6-2E25-3A86-873F-4DCCE4379A17}.Debug|x64.ActiveCfg = Debug|x64
		{E0F62FB6-2E25-3A86-873F-4DCCE4379A17}.Release|x64.ActiveCfg = Release|x64
		{E0F62FB6-2E25-3A86-873F-4DCCE4379A17}.MinSizeRel|x64.ActiveCfg = MinSizeRel|x64
		{E0F62FB6-2E25-3A86-873F-4DCCE4379A17}.RelWithDebInfo|x64.ActiveCfg = RelWithDebInfo|x64
		{4DD0AC85-F8C4-3844-81E3-673156E43441}.Debug|x64.ActiveCfg = Debug|x64
		{4DD0AC85-F8C4-3844-81E3-673156E43441}.Release|x64.ActiveCfg = Release|x64
		{4DD0AC85-F8C4-3844-81E3-673156E43441}.MinSizeRel|x64.ActiveCfg = MinSizeRel|x64
		{4DD0AC85-F8C4-3844-81E3-673156E43441}.RelWithDebInfo|x64.ActiveCfg = RelWithDebInfo|x64
		{D8B67AE8-5285-327D-A71D-AA5B81321F59}.Debug|x64.ActiveCfg = Debug|x64
		{D8B67AE8-5285-327D-A71D-AA5B81321F59}.Debug|x64.Build.0 = Debug|x64
		{D8B67AE8-5285-327D-A71D-AA5B81321F59}.Release|x64.ActiveCfg = Release|x64
		{D8B67AE8-5285-327D-A71D-AA5B81321F59}.Release|x64.Build.0 = Release|x64
		{D8B67AE8-5285-327D-A71D-AA5B81321F59}.MinSizeRel|x64.ActiveCfg = MinSizeRel|x64
		{D8B67AE8-5285-327D-A71D-AA5B81321F59}.MinSizeRel|x64.Build.0 = MinSizeRel|x64
		{D8B67AE8-5285-327D-A71D-AA5B81321F59}.RelWithDebInfo|x64.ActiveCfg = RelWithDebInfo|x64
		{D8B67AE8-5285-327D-A71D-AA5B81321F59}.RelWithDebInfo|x64.Build.0 = RelWithDebInfo|x64
	EndGlobalSection
	GlobalSection(ExtensibilityGlobals) = postSolution
		SolutionGuid = {4C03443D-5B6B-3F42-9224-C64B9145F798}
	EndGlobalSection
	GlobalSection(ExtensibilityAddIns) = postSolution
	EndGlobalSection
EndGlobal
