<?xml version="1.0" encoding="utf-8"?>
<Project ToolsVersion="17.0" xmlns="http://schemas.microsoft.com/developer/msbuild/2003">
  <ItemGroup>
    <ClCompile Include="D:\Repos\dawproject_c\05-implementation\src\platform\platform_factory.cpp">
      <Filter>Source Files</Filter>
    </ClCompile>
    <ClCompile Include="D:\Repos\dawproject_c\05-implementation\src\platform\filesystem_impl.cpp">
      <Filter>Source Files</Filter>
    </ClCompile>
    <ClCompile Include="D:\Repos\dawproject_c\05-implementation\src\platform\threading_impl.cpp">
      <Filter>Source Files</Filter>
    </ClCompile>
    <ClCompile Include="D:\Repos\dawproject_c\05-implementation\src\platform\memory_impl.cpp">
      <Filter>Source Files</Filter>
    </ClCompile>
  </ItemGroup>
  <ItemGroup>
    <CustomBuild Include="D:\Repos\dawproject_c\05-implementation\tests\unit\CMakeLists.txt" />
  </ItemGroup>
  <ItemGroup>
    <Filter Include="Source Files">
      <UniqueIdentifier>{E0FC3A25-7788-3194-88BF-2311B8127E9D}</UniqueIdentifier>
    </Filter>
  </ItemGroup>
</Project>
